
Microsoft Visual Studio Solution File, Format Version 12.00
# Visual Studio Version 17
VisualStudioVersion = 17.5.33414.496
MinimumVisualStudioVersion = 10.0.40219.1
Project("{9A19103F-16F7-4668-BE54-9A1E7A4F7556}") = "bubble sort", "bubble sort.csproj", "{6119DAA6-EDF0-4AAF-B60F-07F4C9A1612E}"
EndProject
Global
	GlobalSection(SolutionConfigurationPlatforms) = preSolution
		Debug|Any CPU = Debug|Any CPU
		Release|Any CPU = Release|Any CPU
	EndGlobalSection
	GlobalSection(ProjectConfigurationPlatforms) = postSolution
		{6119DAA6-EDF0-4AAF-B60F-07F4C9A1612E}.Debug|Any CPU.ActiveCfg = Debug|Any CPU
		{6119DAA6-EDF0-4AAF-B60F-07F4C9A1612E}.Debug|Any CPU.Build.0 = Debug|Any CPU
		{6119DAA6-EDF0-4AAF-B60F-07F4C9A1612E}.Release|Any CPU.ActiveCfg = Release|Any CPU
		{6119DAA6-EDF0-4AAF-B60F-07F4C9A1612E}.Release|Any CPU.Build.0 = Release|Any CPU
	EndGlobalSection
	GlobalSection(SolutionProperties) = preSolution
		HideSolutionNode = FALSE
	EndGlobalSection
	GlobalSection(ExtensibilityGlobals) = postSolution
		SolutionGuid = {795A7271-5D03-4C23-8C2A-2AF8C58488C0}
	EndGlobalSection
EndGlobal
